
Microsoft Visual Studio Solution File, Format Version 12.00
# Visual Studio Version 16
VisualStudioVersion = 16.0.29509.3
MinimumVisualStudioVersion = 10.0.40219.1
Project("{FAE04EC0-301F-11D3-BF4B-00C04F79EFBC}") = "WindowsForms_A1_Mentoring", "WindowsForms_A1_Mentoring\WindowsForms_A1_Mentoring.csproj", "{33E29BD4-1063-455B-9628-95EF6564D78A}"
EndProject
Global
	GlobalSection(SolutionConfigurationPlatforms) = preSolution
		Debug|Any CPU = Debug|Any CPU
		Release|Any CPU = Release|Any CPU
	EndGlobalSection
	GlobalSection(ProjectConfigurationPlatforms) = postSolution
		{33E29BD4-1063-455B-9628-95EF6564D78A}.Debug|Any CPU.ActiveCfg = Debug|Any CPU
		{33E29BD4-1063-455B-9628-95EF6564D78A}.Debug|Any CPU.Build.0 = Debug|Any CPU
		{33E29BD4-1063-455B-9628-95EF6564D78A}.Release|Any CPU.ActiveCfg = Release|Any CPU
		{33E29BD4-1063-455B-9628-95EF6564D78A}.Release|Any CPU.Build.0 = Release|Any CPU
	EndGlobalSection
	GlobalSection(SolutionProperties) = preSolution
		HideSolutionNode = FALSE
	EndGlobalSection
	GlobalSection(ExtensibilityGlobals) = postSolution
		SolutionGuid = {2C488472-3BFF-426C-9BBC-D09FC80C2FA8}
	EndGlobalSection
EndGlobal
