
Microsoft Visual Studio Solution File, Format Version 12.00
# Visual Studio Version 16
VisualStudioVersion = 16.0.30204.135
MinimumVisualStudioVersion = 10.0.40219.1
Project("{9A19103F-16F7-4668-BE54-9A1E7A4F7556}") = "UnmanagedCode", "UnmanagedCode\UnmanagedCode.csproj", "{741B6FF0-481D-42B8-ADB7-5A3309509E2F}"
EndProject
Project("{FAE04EC0-301F-11D3-BF4B-00C04F79EFBC}") = "CallNtCOM", "CallNtCOM\CallNtCOM.csproj", "{097B4A28-CA22-432C-AD2C-BD3BD5A04D53}"
EndProject
Project("{FAE04EC0-301F-11D3-BF4B-00C04F79EFBC}") = "CallNtService", "CallNtService\CallNtService.csproj", "{9A99A747-F5E2-48D0-BE8C-17DFDCBC1677}"
EndProject
Global
	GlobalSection(SolutionConfigurationPlatforms) = preSolution
		Debug|Any CPU = Debug|Any CPU
		Release|Any CPU = Release|Any CPU
	EndGlobalSection
	GlobalSection(ProjectConfigurationPlatforms) = postSolution
		{741B6FF0-481D-42B8-ADB7-5A3309509E2F}.Debug|Any CPU.ActiveCfg = Debug|Any CPU
		{741B6FF0-481D-42B8-ADB7-5A3309509E2F}.Debug|Any CPU.Build.0 = Debug|Any CPU
		{741B6FF0-481D-42B8-ADB7-5A3309509E2F}.Release|Any CPU.ActiveCfg = Release|Any CPU
		{741B6FF0-481D-42B8-ADB7-5A3309509E2F}.Release|Any CPU.Build.0 = Release|Any CPU
		{097B4A28-CA22-432C-AD2C-BD3BD5A04D53}.Debug|Any CPU.ActiveCfg = Debug|Any CPU
		{097B4A28-CA22-432C-AD2C-BD3BD5A04D53}.Debug|Any CPU.Build.0 = Debug|Any CPU
		{097B4A28-CA22-432C-AD2C-BD3BD5A04D53}.Release|Any CPU.ActiveCfg = Release|Any CPU
		{097B4A28-CA22-432C-AD2C-BD3BD5A04D53}.Release|Any CPU.Build.0 = Release|Any CPU
		{9A99A747-F5E2-48D0-BE8C-17DFDCBC1677}.Debug|Any CPU.ActiveCfg = Debug|Any CPU
		{9A99A747-F5E2-48D0-BE8C-17DFDCBC1677}.Debug|Any CPU.Build.0 = Debug|Any CPU
		{9A99A747-F5E2-48D0-BE8C-17DFDCBC1677}.Release|Any CPU.ActiveCfg = Release|Any CPU
		{9A99A747-F5E2-48D0-BE8C-17DFDCBC1677}.Release|Any CPU.Build.0 = Release|Any CPU
	EndGlobalSection
	GlobalSection(SolutionProperties) = preSolution
		HideSolutionNode = FALSE
	EndGlobalSection
	GlobalSection(ExtensibilityGlobals) = postSolution
		SolutionGuid = {CDE67AD1-CA7C-4D28-B029-39DB23AD64DF}
	EndGlobalSection
EndGlobal
