
Microsoft Visual Studio Solution File, Format Version 12.00
# Visual Studio Version 16
VisualStudioVersion = 16.0.29509.3
MinimumVisualStudioVersion = 10.0.40219.1
Project("{9A19103F-16F7-4668-BE54-9A1E7A4F7556}") = "NorthwindSite", "NorthwindSite\NorthwindSite.csproj", "{A3412CCD-E626-465E-9C74-92D5C7966762}"
EndProject
Project("{9A19103F-16F7-4668-BE54-9A1E7A4F7556}") = "Northwind.Data", "Northwind.Data\Northwind.Data.csproj", "{C7BD9CBE-ED48-42AB-9EDB-1093A3C309B4}"
EndProject
Project("{9A19103F-16F7-4668-BE54-9A1E7A4F7556}") = "Nothwind.Services", "Nothwind.Services\Nothwind.Services.csproj", "{CEBED5E5-24FD-4FCB-9FE8-75AD40409FCB}"
EndProject
Project("{FAE04EC0-301F-11D3-BF4B-00C04F79EFBC}") = "Norhwind.Infrastructure", "Norhwind.Infrastructure\Norhwind.Infrastructure.csproj", "{1ED996DB-0D8D-4D53-B0C3-2F0285AB1D84}"
EndProject
Global
	GlobalSection(SolutionConfigurationPlatforms) = preSolution
		Debug|Any CPU = Debug|Any CPU
		Release|Any CPU = Release|Any CPU
	EndGlobalSection
	GlobalSection(ProjectConfigurationPlatforms) = postSolution
		{A3412CCD-E626-465E-9C74-92D5C7966762}.Debug|Any CPU.ActiveCfg = Debug|Any CPU
		{A3412CCD-E626-465E-9C74-92D5C7966762}.Debug|Any CPU.Build.0 = Debug|Any CPU
		{A3412CCD-E626-465E-9C74-92D5C7966762}.Release|Any CPU.ActiveCfg = Release|Any CPU
		{A3412CCD-E626-465E-9C74-92D5C7966762}.Release|Any CPU.Build.0 = Release|Any CPU
		{C7BD9CBE-ED48-42AB-9EDB-1093A3C309B4}.Debug|Any CPU.ActiveCfg = Debug|Any CPU
		{C7BD9CBE-ED48-42AB-9EDB-1093A3C309B4}.Debug|Any CPU.Build.0 = Debug|Any CPU
		{C7BD9CBE-ED48-42AB-9EDB-1093A3C309B4}.Release|Any CPU.ActiveCfg = Release|Any CPU
		{C7BD9CBE-ED48-42AB-9EDB-1093A3C309B4}.Release|Any CPU.Build.0 = Release|Any CPU
		{CEBED5E5-24FD-4FCB-9FE8-75AD40409FCB}.Debug|Any CPU.ActiveCfg = Debug|Any CPU
		{CEBED5E5-24FD-4FCB-9FE8-75AD40409FCB}.Debug|Any CPU.Build.0 = Debug|Any CPU
		{CEBED5E5-24FD-4FCB-9FE8-75AD40409FCB}.Release|Any CPU.ActiveCfg = Release|Any CPU
		{CEBED5E5-24FD-4FCB-9FE8-75AD40409FCB}.Release|Any CPU.Build.0 = Release|Any CPU
		{1ED996DB-0D8D-4D53-B0C3-2F0285AB1D84}.Debug|Any CPU.ActiveCfg = Debug|Any CPU
		{1ED996DB-0D8D-4D53-B0C3-2F0285AB1D84}.Debug|Any CPU.Build.0 = Debug|Any CPU
		{1ED996DB-0D8D-4D53-B0C3-2F0285AB1D84}.Release|Any CPU.ActiveCfg = Release|Any CPU
		{1ED996DB-0D8D-4D53-B0C3-2F0285AB1D84}.Release|Any CPU.Build.0 = Release|Any CPU
	EndGlobalSection
	GlobalSection(SolutionProperties) = preSolution
		HideSolutionNode = FALSE
	EndGlobalSection
	GlobalSection(ExtensibilityGlobals) = postSolution
		SolutionGuid = {0385551E-83DA-44D3-B370-40FF0776A269}
	EndGlobalSection
EndGlobal
